
Microsoft Visual Studio Solution File, Format Version 12.00
# Visual Studio Version 16
VisualStudioVersion = 16.0.29503.13
MinimumVisualStudioVersion = 10.0.40219.1
Project("{FAE04EC0-301F-11D3-BF4B-00C04F79EFBC}") = "Demo_Tranning_WPF", "Demo_Tranning_WPF.csproj", "{A8612F3C-75A9-42FF-A69F-8413AC174F2B}"
EndProject
Project("{2150E333-8FDC-42A3-9474-1A3956D46DE8}") = "Solution Items", "Solution Items", "{CA2ADC4C-DA8C-4975-AC82-5F4488015BB5}"
	ProjectSection(SolutionItems) = preProject
		App.Config = App.Config
	EndProjectSection
EndProject
Global
	GlobalSection(SolutionConfigurationPlatforms) = preSolution
		Debug|Any CPU = Debug|Any CPU
		Release|Any CPU = Release|Any CPU
	EndGlobalSection
	GlobalSection(ProjectConfigurationPlatforms) = postSolution
		{A8612F3C-75A9-42FF-A69F-8413AC174F2B}.Debug|Any CPU.ActiveCfg = Debug|Any CPU
		{A8612F3C-75A9-42FF-A69F-8413AC174F2B}.Debug|Any CPU.Build.0 = Debug|Any CPU
		{A8612F3C-75A9-42FF-A69F-8413AC174F2B}.Release|Any CPU.ActiveCfg = Release|Any CPU
		{A8612F3C-75A9-42FF-A69F-8413AC174F2B}.Release|Any CPU.Build.0 = Release|Any CPU
	EndGlobalSection
	GlobalSection(SolutionProperties) = preSolution
		HideSolutionNode = FALSE
	EndGlobalSection
	GlobalSection(ExtensibilityGlobals) = postSolution
		SolutionGuid = {7AF59C02-4D04-462D-A343-7DCDF7A040A2}
	EndGlobalSection
EndGlobal
